
Microsoft Visual Studio Solution File, Format Version 12.00
# Visual Studio 2012
Project("{FAE04EC0-301F-11D3-BF4B-00C04F79EFBC}") = "Impossible Tris", "Tris Classic\Impossible Tris.csproj", "{86DA2385-B3AC-44B3-B0F1-2075E3CF725A}"
EndProject
Global
	GlobalSection(SolutionConfigurationPlatforms) = preSolution
		Debug|Any CPU = Debug|Any CPU
		Debug|ARM = Debug|ARM
		Debug|x86 = Debug|x86
		Release|Any CPU = Release|Any CPU
		Release|ARM = Release|ARM
		Release|x86 = Release|x86
	EndGlobalSection
	GlobalSection(ProjectConfigurationPlatforms) = postSolution
		{86DA2385-B3AC-44B3-B0F1-2075E3CF725A}.Debug|Any CPU.ActiveCfg = Debug|Any CPU
		{86DA2385-B3AC-44B3-B0F1-2075E3CF725A}.Debug|Any CPU.Build.0 = Debug|Any CPU
		{86DA2385-B3AC-44B3-B0F1-2075E3CF725A}.Debug|Any CPU.Deploy.0 = Debug|Any CPU
		{86DA2385-B3AC-44B3-B0F1-2075E3CF725A}.Debug|ARM.ActiveCfg = Debug|ARM
		{86DA2385-B3AC-44B3-B0F1-2075E3CF725A}.Debug|ARM.Build.0 = Debug|ARM
		{86DA2385-B3AC-44B3-B0F1-2075E3CF725A}.Debug|ARM.Deploy.0 = Debug|ARM
		{86DA2385-B3AC-44B3-B0F1-2075E3CF725A}.Debug|x86.ActiveCfg = Debug|x86
		{86DA2385-B3AC-44B3-B0F1-2075E3CF725A}.Debug|x86.Build.0 = Debug|x86
		{86DA2385-B3AC-44B3-B0F1-2075E3CF725A}.Debug|x86.Deploy.0 = Debug|x86
		{86DA2385-B3AC-44B3-B0F1-2075E3CF725A}.Release|Any CPU.ActiveCfg = Release|Any CPU
		{86DA2385-B3AC-44B3-B0F1-2075E3CF725A}.Release|Any CPU.Build.0 = Release|Any CPU
		{86DA2385-B3AC-44B3-B0F1-2075E3CF725A}.Release|Any CPU.Deploy.0 = Release|Any CPU
		{86DA2385-B3AC-44B3-B0F1-2075E3CF725A}.Release|ARM.ActiveCfg = Release|ARM
		{86DA2385-B3AC-44B3-B0F1-2075E3CF725A}.Release|ARM.Build.0 = Release|ARM
		{86DA2385-B3AC-44B3-B0F1-2075E3CF725A}.Release|ARM.Deploy.0 = Release|ARM
		{86DA2385-B3AC-44B3-B0F1-2075E3CF725A}.Release|x86.ActiveCfg = Release|x86
		{86DA2385-B3AC-44B3-B0F1-2075E3CF725A}.Release|x86.Build.0 = Release|x86
		{86DA2385-B3AC-44B3-B0F1-2075E3CF725A}.Release|x86.Deploy.0 = Release|x86
	EndGlobalSection
	GlobalSection(SolutionProperties) = preSolution
		HideSolutionNode = FALSE
	EndGlobalSection
EndGlobal
